<?xml version="1.0" encoding="utf-8"?>
<Project ToolsVersion="4.0" xmlns="http://schemas.microsoft.com/developer/msbuild/2003">
  <ItemGroup>
    <ClCompile Include="main.cpp" />
    <ClCompile Include="serializer.cpp" />
  </ItemGroup>
  <ItemGroup>
    <ClInclude Include="serializer.h" />
    <ClInclude Include="testserializer.h" />
  </ItemGroup>
</Project>